
Microsoft Visual Studio Solution File, Format Version 12.00
# Visual Studio Version 17
VisualStudioVersion = 17.2.32602.215
MinimumVisualStudioVersion = 10.0.40219.1
Project("{FAE04EC0-301F-11D3-BF4B-00C04F79EFBC}") = "Receipt_Api", "Receipt_Api\Receipt_Api.csproj", "{A249CD86-2CA5-44C0-B69D-A014F9B01E67}"
EndProject
Global
	GlobalSection(SolutionConfigurationPlatforms) = preSolution
		Debug|Any CPU = Debug|Any CPU
		Release|Any CPU = Release|Any CPU
	EndGlobalSection
	GlobalSection(ProjectConfigurationPlatforms) = postSolution
		{A249CD86-2CA5-44C0-B69D-A014F9B01E67}.Debug|Any CPU.ActiveCfg = Debug|Any CPU
		{A249CD86-2CA5-44C0-B69D-A014F9B01E67}.Debug|Any CPU.Build.0 = Debug|Any CPU
		{A249CD86-2CA5-44C0-B69D-A014F9B01E67}.Release|Any CPU.ActiveCfg = Release|Any CPU
		{A249CD86-2CA5-44C0-B69D-A014F9B01E67}.Release|Any CPU.Build.0 = Release|Any CPU
	EndGlobalSection
	GlobalSection(SolutionProperties) = preSolution
		HideSolutionNode = FALSE
	EndGlobalSection
	GlobalSection(ExtensibilityGlobals) = postSolution
		SolutionGuid = {6AFCB74C-7283-488A-830B-A24430E83CD6}
	EndGlobalSection
EndGlobal
